// !$*UTF8*$!
{
	archiveVersion = 1;
	classes = {
	};
	objectVersion = 46;
	objects = {

/* Begin PBXBuildFile section */
		C080302419CFEE0900F75079 /* AppDelegate.swift in Sources */ = {isa = PBXBuildFile; fileRef = C080302319CFEE0900F75079 /* AppDelegate.swift */; };
		C080302719CFEE0900F75079 /* TestVector.xcdatamodeld in Sources */ = {isa = PBXBuildFile; fileRef = C080302519CFEE0900F75079 /* TestVector.xcdatamodeld */; };
		C080302919CFEE0900F75079 /* ViewController.swift in Sources */ = {isa = PBXBuildFile; fileRef = C080302819CFEE0900F75079 /* ViewController.swift */; };
		C080302C19CFEE0900F75079 /* Main.storyboard in Resources */ = {isa = PBXBuildFile; fileRef = C080302A19CFEE0900F75079 /* Main.storyboard */; };
		C080302E19CFEE0900F75079 /* Images.xcassets in Resources */ = {isa = PBXBuildFile; fileRef = C080302D19CFEE0900F75079 /* Images.xcassets */; };
		C080303119CFEE0900F75079 /* LaunchScreen.xib in Resources */ = {isa = PBXBuildFile; fileRef = C080302F19CFEE0900F75079 /* LaunchScreen.xib */; };
		C080303D19CFEE0900F75079 /* TestVectorTests.swift in Sources */ = {isa = PBXBuildFile; fileRef = C080303C19CFEE0900F75079 /* TestVectorTests.swift */; };
		C080304919CFF1F000F75079 /* 1.pdf in Resources */ = {isa = PBXBuildFile; fileRef = C080304819CFF1F000F75079 /* 1.pdf */; };
		C080304B19CFF4B100F75079 /* lens-1024副本.jpg in Resources */ = {isa = PBXBuildFile; fileRef = C080304A19CFF4B000F75079 /* lens-1024副本.jpg */; };
		C080304D19CFFD4800F75079 /* 2.pdf in Resources */ = {isa = PBXBuildFile; fileRef = C080304C19CFFD4800F75079 /* 2.pdf */; };
/* End PBXBuildFile section */

/* Begin PBXContainerItemProxy section */
		C080303719CFEE0900F75079 /* PBXContainerItemProxy */ = {
			isa = PBXContainerItemProxy;
			containerPortal = C080301619CFEE0900F75079 /* Project object */;
			proxyType = 1;
			remoteGlobalIDString = C080301D19CFEE0900F75079;
			remoteInfo = TestVector;
		};
/* End PBXContainerItemProxy section */

/* Begin PBXFileReference section */
		C080301E19CFEE0900F75079 /* TestVector.app */ = {isa = PBXFileReference; explicitFileType = wrapper.application; includeInIndex = 0; path = TestVector.app; sourceTree = BUILT_PRODUCTS_DIR; };
		C080302219CFEE0900F75079 /* Info.plist */ = {isa = PBXFileReference; lastKnownFileType = text.plist.xml; path = Info.plist; sourceTree = "<group>"; };
		C080302319CFEE0900F75079 /* AppDelegate.swift */ = {isa = PBXFileReference; lastKnownFileType = sourcecode.swift; path = AppDelegate.swift; sourceTree = "<group>"; };
		C080302619CFEE0900F75079 /* TestVector.xcdatamodel */ = {isa = PBXFileReference; lastKnownFileType = wrapper.xcdatamodel; path = TestVector.xcdatamodel; sourceTree = "<group>"; };
		C080302819CFEE0900F75079 /* ViewController.swift */ = {isa = PBXFileReference; lastKnownFileType = sourcecode.swift; path = ViewController.swift; sourceTree = "<group>"; };
		C080302B19CFEE0900F75079 /* Base */ = {isa = PBXFileReference; lastKnownFileType = file.storyboard; name = Base; path = Base.lproj/Main.storyboard; sourceTree = "<group>"; };
		C080302D19CFEE0900F75079 /* Images.xcassets */ = {isa = PBXFileReference; lastKnownFileType = folder.assetcatalog; path = Images.xcassets; sourceTree = "<group>"; };
		C080303019CFEE0900F75079 /* Base */ = {isa = PBXFileReference; lastKnownFileType = file.xib; name = Base; path = Base.lproj/LaunchScreen.xib; sourceTree = "<group>"; };
		C080303619CFEE0900F75079 /* TestVectorTests.xctest */ = {isa = PBXFileReference; explicitFileType = wrapper.cfbundle; includeInIndex = 0; path = TestVectorTests.xctest; sourceTree = BUILT_PRODUCTS_DIR; };
		C080303B19CFEE0900F75079 /* Info.plist */ = {isa = PBXFileReference; lastKnownFileType = text.plist.xml; path = Info.plist; sourceTree = "<group>"; };
		C080303C19CFEE0900F75079 /* TestVectorTests.swift */ = {isa = PBXFileReference; lastKnownFileType = sourcecode.swift; path = TestVectorTests.swift; sourceTree = "<group>"; };
		C080304819CFF1F000F75079 /* 1.pdf */ = {isa = PBXFileReference; lastKnownFileType = image.pdf; name = 1.pdf; path = ../../../Desktop/1.pdf; sourceTree = "<group>"; };
		C080304A19CFF4B000F75079 /* lens-1024副本.jpg */ = {isa = PBXFileReference; lastKnownFileType = image.jpeg; name = "lens-1024副本.jpg"; path = "../../../Desktop/lens-1024副本.jpg"; sourceTree = "<group>"; };
		C080304C19CFFD4800F75079 /* 2.pdf */ = {isa = PBXFileReference; lastKnownFileType = image.pdf; name = 2.pdf; path = ../../../Desktop/2.pdf; sourceTree = "<group>"; };
/* End PBXFileReference section */

/* Begin PBXFrameworksBuildPhase section */
		C080301B19CFEE0900F75079 /* Frameworks */ = {
			isa = PBXFrameworksBuildPhase;
			buildActionMask = 2147483647;
			files = (
			);
			runOnlyForDeploymentPostprocessing = 0;
		};
		C080303319CFEE0900F75079 /* Frameworks */ = {
			isa = PBXFrameworksBuildPhase;
			buildActionMask = 2147483647;
			files = (
			);
			runOnlyForDeploymentPostprocessing = 0;
		};
/* End PBXFrameworksBuildPhase section */

/* Begin PBXGroup section */
		C080301519CFEE0900F75079 = {
			isa = PBXGroup;
			children = (
				C080302019CFEE0900F75079 /* TestVector */,
				C080303919CFEE0900F75079 /* TestVectorTests */,
				C080301F19CFEE0900F75079 /* Products */,
			);
			sourceTree = "<group>";
		};
		C080301F19CFEE0900F75079 /* Products */ = {
			isa = PBXGroup;
			children = (
				C080301E19CFEE0900F75079 /* TestVector.app */,
				C080303619CFEE0900F75079 /* TestVectorTests.xctest */,
			);
			name = Products;
			sourceTree = "<group>";
		};
		C080302019CFEE0900F75079 /* TestVector */ = {
			isa = PBXGroup;
			children = (
				C080302319CFEE0900F75079 /* AppDelegate.swift */,
				C080302819CFEE0900F75079 /* ViewController.swift */,
				C080302A19CFEE0900F75079 /* Main.storyboard */,
				C080302D19CFEE0900F75079 /* Images.xcassets */,
				C080302F19CFEE0900F75079 /* LaunchScreen.xib */,
				C080304819CFF1F000F75079 /* 1.pdf */,
				C080304C19CFFD4800F75079 /* 2.pdf */,
				C080304A19CFF4B000F75079 /* lens-1024副本.jpg */,
				C080302519CFEE0900F75079 /* TestVector.xcdatamodeld */,
				C080302119CFEE0900F75079 /* Supporting Files */,
			);
			path = TestVector;
			sourceTree = "<group>";
		};
		C080302119CFEE0900F75079 /* Supporting Files */ = {
			isa = PBXGroup;
			children = (
				C080302219CFEE0900F75079 /* Info.plist */,
			);
			name = "Supporting Files";
			sourceTree = "<group>";
		};
		C080303919CFEE0900F75079 /* TestVectorTests */ = {
			isa = PBXGroup;
			children = (
				C080303C19CFEE0900F75079 /* TestVectorTests.swift */,
				C080303A19CFEE0900F75079 /* Supporting Files */,
			);
			path = TestVectorTests;
			sourceTree = "<group>";
		};
		C080303A19CFEE0900F75079 /* Supporting Files */ = {
			isa = PBXGroup;
			children = (
				C080303B19CFEE0900F75079 /* Info.plist */,
			);
			name = "Supporting Files";
			sourceTree = "<group>";
		};
/* End PBXGroup section */

/* Begin PBXNativeTarget section */
		C080301D19CFEE0900F75079 /* TestVector */ = {
			isa = PBXNativeTarget;
			buildConfigurationList = C080304019CFEE0900F75079 /* Build configuration list for PBXNativeTarget "TestVector" */;
			buildPhases = (
				C080301A19CFEE0900F75079 /* Sources */,
				C080301B19CFEE0900F75079 /* Frameworks */,
				C080301C19CFEE0900F75079 /* Resources */,
			);
			buildRules = (
			);
			dependencies = (
			);
			name = TestVector;
			productName = TestVector;
			productReference = C080301E19CFEE0900F75079 /* TestVector.app */;
			productType = "com.apple.product-type.application";
		};
		C080303519CFEE0900F75079 /* TestVectorTests */ = {
			isa = PBXNativeTarget;
			buildConfigurationList = C080304319CFEE0900F75079 /* Build configuration list for PBXNativeTarget "TestVectorTests" */;
			buildPhases = (
				C080303219CFEE0900F75079 /* Sources */,
				C080303319CFEE0900F75079 /* Frameworks */,
				C080303419CFEE0900F75079 /* Resources */,
			);
			buildRules = (
			);
			dependencies = (
				C080303819CFEE0900F75079 /* PBXTargetDependency */,
			);
			name = TestVectorTests;
			productName = TestVectorTests;
			productReference = C080303619CFEE0900F75079 /* TestVectorTests.xctest */;
			productType = "com.apple.product-type.bundle.unit-test";
		};
/* End PBXNativeTarget section */

/* Begin PBXProject section */
		C080301619CFEE0900F75079 /* Project object */ = {
			isa = PBXProject;
			attributes = {
				LastUpgradeCheck = 0600;
				ORGANIZATIONNAME = "zeng hui";
				TargetAttributes = {
					C080301D19CFEE0900F75079 = {
						CreatedOnToolsVersion = 6.0;
					};
					C080303519CFEE0900F75079 = {
						CreatedOnToolsVersion = 6.0;
						TestTargetID = C080301D19CFEE0900F75079;
					};
				};
			};
			buildConfigurationList = C080301919CFEE0900F75079 /* Build configuration list for PBXProject "TestVector" */;
			compatibilityVersion = "Xcode 3.2";
			developmentRegion = English;
			hasScannedForEncodings = 0;
			knownRegions = (
				en,
				Base,
			);
			mainGroup = C080301519CFEE0900F75079;
			productRefGroup = C080301F19CFEE0900F75079 /* Products */;
			projectDirPath = "";
			projectRoot = "";
			targets = (
				C080301D19CFEE0900F75079 /* TestVector */,
				C080303519CFEE0900F75079 /* TestVectorTests */,
			);
		};
/* End PBXProject section */

/* Begin PBXResourcesBuildPhase section */
		C080301C19CFEE0900F75079 /* Resources */ = {
			isa = PBXResourcesBuildPhase;
			buildActionMask = 2147483647;
			files = (
				C080304B19CFF4B100F75079 /* lens-1024副本.jpg in Resources */,
				C080304919CFF1F000F75079 /* 1.pdf in Resources */,
				C080302C19CFEE0900F75079 /* Main.storyboard in Resources */,
				C080304D19CFFD4800F75079 /* 2.pdf in Resources */,
				C080303119CFEE0900F75079 /* LaunchScreen.xib in Resources */,
				C080302E19CFEE0900F75079 /* Images.xcassets in Resources */,
			);
			runOnlyForDeploymentPostprocessing = 0;
		};
		C080303419CFEE0900F75079 /* Resources */ = {
			isa = PBXResourcesBuildPhase;
			buildActionMask = 2147483647;
			files = (
			);
			runOnlyForDeploymentPostprocessing = 0;
		};
/* End PBXResourcesBuildPhase section */

/* Begin PBXSourcesBuildPhase section */
		C080301A19CFEE0900F75079 /* Sources */ = {
			isa = PBXSourcesBuildPhase;
			buildActionMask = 2147483647;
			files = (
				C080302919CFEE0900F75079 /* ViewController.swift in Sources */,
				C080302719CFEE0900F75079 /* TestVector.xcdatamodeld in Sources */,
				C080302419CFEE0900F75079 /* AppDelegate.swift in Sources */,
			);
			runOnlyForDeploymentPostprocessing = 0;
		};
		C080303219CFEE0900F75079 /* Sources */ = {
			isa = PBXSourcesBuildPhase;
			buildActionMask = 2147483647;
			files = (
				C080303D19CFEE0900F75079 /* TestVectorTests.swift in Sources */,
			);
			runOnlyForDeploymentPostprocessing = 0;
		};
/* End PBXSourcesBuildPhase section */

/* Begin PBXTargetDependency section */
		C080303819CFEE0900F75079 /* PBXTargetDependency */ = {
			isa = PBXTargetDependency;
			target = C080301D19CFEE0900F75079 /* TestVector */;
			targetProxy = C080303719CFEE0900F75079 /* PBXContainerItemProxy */;
		};
/* End PBXTargetDependency section */

/* Begin PBXVariantGroup section */
		C080302A19CFEE0900F75079 /* Main.storyboard */ = {
			isa = PBXVariantGroup;
			children = (
				C080302B19CFEE0900F75079 /* Base */,
			);
			name = Main.storyboard;
			sourceTree = "<group>";
		};
		C080302F19CFEE0900F75079 /* LaunchScreen.xib */ = {
			isa = PBXVariantGroup;
			children = (
				C080303019CFEE0900F75079 /* Base */,
			);
			name = LaunchScreen.xib;
			sourceTree = "<group>";
		};
/* End PBXVariantGroup section */

/* Begin XCBuildConfiguration section */
		C080303E19CFEE0900F75079 /* Debug */ = {
			isa = XCBuildConfiguration;
			buildSettings = {
				ALWAYS_SEARCH_USER_PATHS = NO;
				CLANG_CXX_LANGUAGE_STANDARD = "gnu++0x";
				CLANG_CXX_LIBRARY = "libc++";
				CLANG_ENABLE_MODULES = YES;
				CLANG_ENABLE_OBJC_ARC = YES;
				CLANG_WARN_BOOL_CONVERSION = YES;
				CLANG_WARN_CONSTANT_CONVERSION = YES;
				CLANG_WARN_DIRECT_OBJC_ISA_USAGE = YES_ERROR;
				CLANG_WARN_EMPTY_BODY = YES;
				CLANG_WARN_ENUM_CONVERSION = YES;
				CLANG_WARN_INT_CONVERSION = YES;
				CLANG_WARN_OBJC_ROOT_CLASS = YES_ERROR;
				CLANG_WARN_UNREACHABLE_CODE = YES;
				CLANG_WARN__DUPLICATE_METHOD_MATCH = YES;
				"CODE_SIGN_IDENTITY[sdk=iphoneos*]" = "iPhone Developer";
				COPY_PHASE_STRIP = NO;
				ENABLE_STRICT_OBJC_MSGSEND = YES;
				GCC_C_LANGUAGE_STANDARD = gnu99;
				GCC_DYNAMIC_NO_PIC = NO;
				GCC_OPTIMIZATION_LEVEL = 0;
				GCC_PREPROCESSOR_DEFINITIONS = (
					"DEBUG=1",
					"$(inherited)",
				);
				GCC_SYMBOLS_PRIVATE_EXTERN = NO;
				GCC_WARN_64_TO_32_BIT_CONVERSION = YES;
				GCC_WARN_ABOUT_RETURN_TYPE = YES_ERROR;
				GCC_WARN_UNDECLARED_SELECTOR = YES;
				GCC_WARN_UNINITIALIZED_AUTOS = YES_AGGRESSIVE;
				GCC_WARN_UNUSED_FUNCTION = YES;
				GCC_WARN_UNUSED_VARIABLE = YES;
				IPHONEOS_DEPLOYMENT_TARGET = 8.0;
				MTL_ENABLE_DEBUG_INFO = YES;
				ONLY_ACTIVE_ARCH = YES;
				SDKROOT = iphoneos;
				SWIFT_OPTIMIZATION_LEVEL = "-Onone";
				TARGETED_DEVICE_FAMILY = 2;
			};
			name = Debug;
		};
		C080303F19CFEE0900F75079 /* Release */ = {
			isa = XCBuildConfiguration;
			buildSettings = {
				ALWAYS_SEARCH_USER_PATHS = NO;
				CLANG_CXX_LANGUAGE_STANDARD = "gnu++0x";
				CLANG_CXX_LIBRARY = "libc++";
				CLANG_ENABLE_MODULES = YES;
				CLANG_ENABLE_OBJC_ARC = YES;
				CLANG_WARN_BOOL_CONVERSION = YES;
				CLANG_WARN_CONSTANT_CONVERSION = YES;
				CLANG_WARN_DIRECT_OBJC_ISA_USAGE = YES_ERROR;
				CLANG_WARN_EMPTY_BODY = YES;
				CLANG_WARN_ENUM_CONVERSION = YES;
				CLANG_WARN_INT_CONVERSION = YES;
				CLANG_WARN_OBJC_ROOT_CLASS = YES_ERROR;
				CLANG_WARN_UNREACHABLE_CODE = YES;
				CLANG_WARN__DUPLICATE_METHOD_MATCH = YES;
				"CODE_SIGN_IDENTITY[sdk=iphoneos*]" = "iPhone Developer";
				COPY_PHASE_STRIP = YES;
				ENABLE_NS_ASSERTIONS = NO;
				ENABLE_STRICT_OBJC_MSGSEND = YES;
				GCC_C_LANGUAGE_STANDARD = gnu99;
				GCC_WARN_64_TO_32_BIT_CONVERSION = YES;
				GCC_WARN_ABOUT_RETURN_TYPE = YES_ERROR;
				GCC_WARN_UNDECLARED_SELECTOR = YES;
				GCC_WARN_UNINITIALIZED_AUTOS = YES_AGGRESSIVE;
				GCC_WARN_UNUSED_FUNCTION = YES;
				GCC_WARN_UNUSED_VARIABLE = YES;
				IPHONEOS_DEPLOYMENT_TARGET = 8.0;
				MTL_ENABLE_DEBUG_INFO = NO;
				SDKROOT = iphoneos;
				TARGETED_DEVICE_FAMILY = 2;
				VALIDATE_PRODUCT = YES;
			};
			name = Release;
		};
		C080304119CFEE0900F75079 /* Debug */ = {
			isa = XCBuildConfiguration;
			buildSettings = {
				ASSETCATALOG_COMPILER_APPICON_NAME = AppIcon;
				INFOPLIST_FILE = TestVector/Info.plist;
				LD_RUNPATH_SEARCH_PATHS = "$(inherited) @executable_path/Frameworks";
				PRODUCT_NAME = "$(TARGET_NAME)";
			};
			name = Debug;
		};
		C080304219CFEE0900F75079 /* Release */ = {
			isa = XCBuildConfiguration;
			buildSettings = {
				ASSETCATALOG_COMPILER_APPICON_NAME = AppIcon;
				INFOPLIST_FILE = TestVector/Info.plist;
				LD_RUNPATH_SEARCH_PATHS = "$(inherited) @executable_path/Frameworks";
				PRODUCT_NAME = "$(TARGET_NAME)";
			};
			name = Release;
		};
		C080304419CFEE0900F75079 /* Debug */ = {
			isa = XCBuildConfiguration;
			buildSettings = {
				BUNDLE_LOADER = "$(TEST_HOST)";
				FRAMEWORK_SEARCH_PATHS = (
					"$(SDKROOT)/Developer/Library/Frameworks",
					"$(inherited)",
				);
				GCC_PREPROCESSOR_DEFINITIONS = (
					"DEBUG=1",
					"$(inherited)",
				);
				INFOPLIST_FILE = TestVectorTests/Info.plist;
				LD_RUNPATH_SEARCH_PATHS = "$(inherited) @executable_path/Frameworks @loader_path/Frameworks";
				PRODUCT_NAME = "$(TARGET_NAME)";
				TEST_HOST = "$(BUILT_PRODUCTS_DIR)/TestVector.app/TestVector";
			};
			name = Debug;
		};
		C080304519CFEE0900F75079 /* Release */ = {
			isa = XCBuildConfiguration;
			buildSettings = {
				BUNDLE_LOADER = "$(TEST_HOST)";
				FRAMEWORK_SEARCH_PATHS = (
					"$(SDKROOT)/Developer/Library/Frameworks",
					"$(inherited)",
				);
				INFOPLIST_FILE = TestVectorTests/Info.plist;
				LD_RUNPATH_SEARCH_PATHS = "$(inherited) @executable_path/Frameworks @loader_path/Frameworks";
				PRODUCT_NAME = "$(TARGET_NAME)";
				TEST_HOST = "$(BUILT_PRODUCTS_DIR)/TestVector.app/TestVector";
			};
			name = Release;
		};
/* End XCBuildConfiguration section */

/* Begin XCConfigurationList section */
		C080301919CFEE0900F75079 /* Build configuration list for PBXProject "TestVector" */ = {
			isa = XCConfigurationList;
			buildConfigurations = (
				C080303E19CFEE0900F75079 /* Debug */,
				C080303F19CFEE0900F75079 /* Release */,
			);
			defaultConfigurationIsVisible = 0;
			defaultConfigurationName = Release;
		};
		C080304019CFEE0900F75079 /* Build configuration list for PBXNativeTarget "TestVector" */ = {
			isa = XCConfigurationList;
			buildConfigurations = (
				C080304119CFEE0900F75079 /* Debug */,
				C080304219CFEE0900F75079 /* Release */,
			);
			defaultConfigurationIsVisible = 0;
		};
		C080304319CFEE0900F75079 /* Build configuration list for PBXNativeTarget "TestVectorTests" */ = {
			isa = XCConfigurationList;
			buildConfigurations = (
				C080304419CFEE0900F75079 /* Debug */,
				C080304519CFEE0900F75079 /* Release */,
			);
			defaultConfigurationIsVisible = 0;
		};
/* End XCConfigurationList section */

/* Begin XCVersionGroup section */
		C080302519CFEE0900F75079 /* TestVector.xcdatamodeld */ = {
			isa = XCVersionGroup;
			children = (
				C080302619CFEE0900F75079 /* TestVector.xcdatamodel */,
			);
			currentVersion = C080302619CFEE0900F75079 /* TestVector.xcdatamodel */;
			path = TestVector.xcdatamodeld;
			sourceTree = "<group>";
			versionGroupType = wrapper.xcdatamodel;
		};
/* End XCVersionGroup section */
	};
	rootObject = C080301619CFEE0900F75079 /* Project object */;
}
